// !$*UTF8*$!
{
	archiveVersion = 1;
	classes = {
	};
	objectVersion = 77;
	objects = {

/* Begin PBXContainerItemProxy section */
		28ED88B5301A8B89001DDC8A /* PBXContainerItemProxy */ = {
			isa = PBXContainerItemProxy;
			containerPortal = 28ED889D301A8B88001DDC8A /* Project object */;
			proxyType = 1;
			remoteGlobalIDString = 28ED88A4301A8B88001DDC8A;
			remoteInfo = TVShowTracker;
		};
		28ED88BF301A8B89001DDC8A /* PBXContainerItemProxy */ = {
			isa = PBXContainerItemProxy;
			containerPortal = 28ED889D301A8B88001DDC8A /* Project object */;
			proxyType = 1;
			remoteGlobalIDString = 28ED88A4301A8B88001DDC8A;
			remoteInfo = TVShowTracker;
		};
/* End PBXContainerItemProxy section */

/* Begin PBXFileReference section */
		28ED88A5301A8B88001DDC8A /* Showlogue.app */ = {isa = PBXFileReference; explicitFileType = wrapper.application; includeInIndex = 0; path = Showlogue.app; sourceTree = BUILT_PRODUCTS_DIR; };
		28ED88B4301A8B89001DDC8A /* TVShowTrackerTests.xctest */ = {isa = PBXFileReference; explicitFileType = wrapper.cfbundle; includeInIndex = 0; path = TVShowTrackerTests.xctest; sourceTree = BUILT_PRODUCTS_DIR; };
		28ED88BE301A8B89001DDC8A /* TVShowTrackerUITests.xctest */ = {isa = PBXFileReference; explicitFileType = wrapper.cfbundle; includeInIndex = 0; path = TVShowTrackerUITests.xctest; sourceTree = BUILT_PRODUCTS_DIR; };
		C0D3A11A7E1A4B0D9E5F0002 /* Shared.xcconfig */ = {isa = PBXFileReference; lastKnownFileType = text.xcconfig; name = Shared.xcconfig; path = TVShowTracker/Config/Shared.xcconfig; sourceTree = "<group>"; };
/* End PBXFileReference section */

/* Begin PBXFileSystemSynchronizedBuildFileExceptionSet section */
		C0D3A11A7E1A4B0D9E5F0004 /* Exceptions for "TVShowTracker" folder in "TVShowTracker" target */ = {
			isa = PBXFileSystemSynchronizedBuildFileExceptionSet;
			membershipExceptions = (
				Config/Info.plist,
			);
			target = 28ED88A4301A8B88001DDC8A /* TVShowTracker */;
		};
/* End PBXFileSystemSynchronizedBuildFileExceptionSet section */

/* Begin PBXFileSystemSynchronizedRootGroup section */
		28ED88A7301A8B88001DDC8A /* TVShowTracker */ = {
			isa = PBXFileSystemSynchronizedRootGroup;
			exceptions = (
				C0D3A11A7E1A4B0D9E5F0004 /* Exceptions for "TVShowTracker" folder in "TVShowTracker" target */,
			);
			path = TVShowTracker;
			sourceTree = "<group>";
		};
		28ED88B7301A8B89001DDC8A /* TVShowTrackerTests */ = {
			isa = PBXFileSystemSynchronizedRootGroup;
			path = TVShowTrackerTests;
			sourceTree = "<group>";
		};
		28ED88C1301A8B89001DDC8A /* TVShowTrackerUITests */ = {
			isa = PBXFileSystemSynchronizedRootGroup;
			path = TVShowTrackerUITests;
			sourceTree = "<group>";
		};
/* End PBXFileSystemSynchronizedRootGroup section */

/* Begin PBXFrameworksBuildPhase section */
		28ED88A2301A8B88001DDC8A /* Frameworks */ = {
			isa = PBXFrameworksBuildPhase;
			buildActionMask = 2147483647;
			files = (
			);
			runOnlyForDeploymentPostprocessing = 0;
		};
		28ED88B1301A8B89001DDC8A /* Frameworks */ = {
			isa = PBXFrameworksBuildPhase;
			buildActionMask = 2147483647;
			files = (
			);
			runOnlyForDeploymentPostprocessing = 0;
		};
		28ED88BB301A8B89001DDC8A /* Frameworks */ = {
			isa = PBXFrameworksBuildPhase;
			buildActionMask = 2147483647;
			files = (
			);
			runOnlyForDeploymentPostprocessing = 0;
		};
/* End PBXFrameworksBuildPhase section */

/* Begin PBXGroup section */
		28461E89302A5F8200A9878B /* Recovered References */ = {
			isa = PBXGroup;
			children = (
				C0D3A11A7E1A4B0D9E5F0002 /* Shared.xcconfig */,
			);
			name = "Recovered References";
			sourceTree = "<group>";
		};
		28ED889C301A8B88001DDC8A = {
			isa = PBXGroup;
			children = (
				28ED88A7301A8B88001DDC8A /* TVShowTracker */,
				28ED88B7301A8B89001DDC8A /* TVShowTrackerTests */,
				28ED88C1301A8B89001DDC8A /* TVShowTrackerUITests */,
				28ED88A6301A8B88001DDC8A /* Products */,
				28461E89302A5F8200A9878B /* Recovered References */,
			);
			sourceTree = "<group>";
		};
		28ED88A6301A8B88001DDC8A /* Products */ = {
			isa = PBXGroup;
			children = (
				28ED88A5301A8B88001DDC8A /* Showlogue.app */,
				28ED88B4301A8B89001DDC8A /* TVShowTrackerTests.xctest */,
				28ED88BE301A8B89001DDC8A /* TVShowTrackerUITests.xctest */,
			);
			name = Products;
			sourceTree = "<group>";
		};
/* End PBXGroup section */

/* Begin PBXNativeTarget section */
		28ED88A4301A8B88001DDC8A /* TVShowTracker */ = {
			isa = PBXNativeTarget;
			buildConfigurationList = 28ED88C8301A8B89001DDC8A /* Build configuration list for PBXNativeTarget "TVShowTracker" */;
			buildPhases = (
				28ED88A1301A8B88001DDC8A /* Sources */,
				C0D3A11A7E1A4B0D9E5F0001 /* SwiftLint */,
				28ED88A2301A8B88001DDC8A /* Frameworks */,
				28ED88A3301A8B88001DDC8A /* Resources */,
			);
			buildRules = (
			);
			dependencies = (
			);
			fileSystemSynchronizedGroups = (
				28ED88A7301A8B88001DDC8A /* TVShowTracker */,
			);
			name = TVShowTracker;
			packageProductDependencies = (
			);
			productName = TVShowTracker;
			productReference = 28ED88A5301A8B88001DDC8A /* Showlogue.app */;
			productType = "com.apple.product-type.application";
		};
		28ED88B3301A8B89001DDC8A /* TVShowTrackerTests */ = {
			isa = PBXNativeTarget;
			buildConfigurationList = 28ED88CB301A8B89001DDC8A /* Build configuration list for PBXNativeTarget "TVShowTrackerTests" */;
			buildPhases = (
				28ED88B0301A8B89001DDC8A /* Sources */,
				28ED88B1301A8B89001DDC8A /* Frameworks */,
				28ED88B2301A8B89001DDC8A /* Resources */,
			);
			buildRules = (
			);
			dependencies = (
				28ED88B6301A8B89001DDC8A /* PBXTargetDependency */,
			);
			fileSystemSynchronizedGroups = (
				28ED88B7301A8B89001DDC8A /* TVShowTrackerTests */,
			);
			name = TVShowTrackerTests;
			packageProductDependencies = (
			);
			productName = TVShowTrackerTests;
			productReference = 28ED88B4301A8B89001DDC8A /* TVShowTrackerTests.xctest */;
			productType = "com.apple.product-type.bundle.unit-test";
		};
		28ED88BD301A8B89001DDC8A /* TVShowTrackerUITests */ = {
			isa = PBXNativeTarget;
			buildConfigurationList = 28ED88CE301A8B89001DDC8A /* Build configuration list for PBXNativeTarget "TVShowTrackerUITests" */;
			buildPhases = (
				28ED88BA301A8B89001DDC8A /* Sources */,
				28ED88BB301A8B89001DDC8A /* Frameworks */,
				28ED88BC301A8B89001DDC8A /* Resources */,
			);
			buildRules = (
			);
			dependencies = (
				28ED88C0301A8B89001DDC8A /* PBXTargetDependency */,
			);
			fileSystemSynchronizedGroups = (
				28ED88C1301A8B89001DDC8A /* TVShowTrackerUITests */,
			);
			name = TVShowTrackerUITests;
			packageProductDependencies = (
			);
			productName = TVShowTrackerUITests;
			productReference = 28ED88BE301A8B89001DDC8A /* TVShowTrackerUITests.xctest */;
			productType = "com.apple.product-type.bundle.ui-testing";
		};
/* End PBXNativeTarget section */

/* Begin PBXProject section */
		28ED889D301A8B88001DDC8A /* Project object */ = {
			isa = PBXProject;
			attributes = {
				BuildIndependentTargetsInParallel = 1;
				LastSwiftUpdateCheck = 2660;
				LastUpgradeCheck = 2660;
				TargetAttributes = {
					28ED88A4301A8B88001DDC8A = {
						CreatedOnToolsVersion = 26.6;
					};
					28ED88B3301A8B89001DDC8A = {
						CreatedOnToolsVersion = 26.6;
						TestTargetID = 28ED88A4301A8B88001DDC8A;
					};
					28ED88BD301A8B89001DDC8A = {
						CreatedOnToolsVersion = 26.6;
						TestTargetID = 28ED88A4301A8B88001DDC8A;
					};
				};
			};
			buildConfigurationList = 28ED88A0301A8B88001DDC8A /* Build configuration list for PBXProject "TVShowTracker" */;
			developmentRegion = en;
			hasScannedForEncodings = 0;
			knownRegions = (
				en,
				Base,
			);
			mainGroup = 28ED889C301A8B88001DDC8A;
			minimizedProjectReferenceProxies = 1;
			preferredProjectObjectVersion = 77;
			productRefGroup = 28ED88A6301A8B88001DDC8A /* Products */;
			projectDirPath = "";
			projectRoot = "";
			targets = (
				28ED88A4301A8B88001DDC8A /* TVShowTracker */,
				28ED88B3301A8B89001DDC8A /* TVShowTrackerTests */,
				28ED88BD301A8B89001DDC8A /* TVShowTrackerUITests */,
			);
		};
/* End PBXProject section */

/* Begin PBXResourcesBuildPhase section */
		28ED88A3301A8B88001DDC8A /* Resources */ = {
			isa = PBXResourcesBuildPhase;
			buildActionMask = 2147483647;
			files = (
			);
			runOnlyForDeploymentPostprocessing = 0;
		};
		28ED88B2301A8B89001DDC8A /* Resources */ = {
			isa = PBXResourcesBuildPhase;
			buildActionMask = 2147483647;
			files = (
			);
			runOnlyForDeploymentPostprocessing = 0;
		};
		28ED88BC301A8B89001DDC8A /* Resources */ = {
			isa = PBXResourcesBuildPhase;
			buildActionMask = 2147483647;
			files = (
			);
			runOnlyForDeploymentPostprocessing = 0;
		};
/* End PBXResourcesBuildPhase section */

/* Begin PBXShellScriptBuildPhase section */
		C0D3A11A7E1A4B0D9E5F0001 /* SwiftLint */ = {
			isa = PBXShellScriptBuildPhase;
			alwaysOutOfDate = 1;
			buildActionMask = 2147483647;
			files = (
			);
			inputPaths = (
			);
			name = SwiftLint;
			outputPaths = (
			);
			runOnlyForDeploymentPostprocessing = 0;
			shellPath = /bin/sh;
			shellScript = "config=\"$SRCROOT/../.swiftlint.yml\"\n\nif [ -x \"$SRCROOT/../.tools/swiftlint\" ]; then\n  \"$SRCROOT/../.tools/swiftlint\" lint --strict --config \"$config\"\nelif command -v swiftlint >/dev/null 2>&1; then\n  swiftlint lint --strict --config \"$config\"\nelse\n  echo \"error: SwiftLint is required. Install it with: brew install swiftlint\" >&2\n  exit 1\nfi\n";
		};
/* End PBXShellScriptBuildPhase section */

/* Begin PBXSourcesBuildPhase section */
		28ED88A1301A8B88001DDC8A /* Sources */ = {
			isa = PBXSourcesBuildPhase;
			buildActionMask = 2147483647;
			files = (
			);
			runOnlyForDeploymentPostprocessing = 0;
		};
		28ED88B0301A8B89001DDC8A /* Sources */ = {
			isa = PBXSourcesBuildPhase;
			buildActionMask = 2147483647;
			files = (
			);
			runOnlyForDeploymentPostprocessing = 0;
		};
		28ED88BA301A8B89001DDC8A /* Sources */ = {
			isa = PBXSourcesBuildPhase;
			buildActionMask = 2147483647;
			files = (
			);
			runOnlyForDeploymentPostprocessing = 0;
		};
/* End PBXSourcesBuildPhase section */

/* Begin PBXTargetDependency section */
		28ED88B6301A8B89001DDC8A /* PBXTargetDependency */ = {
			isa = PBXTargetDependency;
			target = 28ED88A4301A8B88001DDC8A /* TVShowTracker */;
			targetProxy = 28ED88B5301A8B89001DDC8A /* PBXContainerItemProxy */;
		};
		28ED88C0301A8B89001DDC8A /* PBXTargetDependency */ = {
			isa = PBXTargetDependency;
			target = 28ED88A4301A8B88001DDC8A /* TVShowTracker */;
			targetProxy = 28ED88BF301A8B89001DDC8A /* PBXContainerItemProxy */;
		};
/* End PBXTargetDependency section */

/* Begin XCBuildConfiguration section */
		28ED88C6301A8B89001DDC8A /* Debug */ = {
			isa = XCBuildConfiguration;
			buildSettings = {
				ALWAYS_SEARCH_USER_PATHS = NO;
				ASSETCATALOG_COMPILER_GENERATE_SWIFT_ASSET_SYMBOL_EXTENSIONS = YES;
				CLANG_ANALYZER_NONNULL = YES;
				CLANG_ANALYZER_NUMBER_OBJECT_CONVERSION = YES_AGGRESSIVE;
				CLANG_CXX_LANGUAGE_STANDARD = "gnu++20";
				CLANG_ENABLE_MODULES = YES;
				CLANG_ENABLE_OBJC_ARC = YES;
				CLANG_ENABLE_OBJC_WEAK = YES;
				CLANG_WARN_BLOCK_CAPTURE_AUTORELEASING = YES;
				CLANG_WARN_BOOL_CONVERSION = YES;
				CLANG_WARN_COMMA = YES;
				CLANG_WARN_CONSTANT_CONVERSION = YES;
				CLANG_WARN_DEPRECATED_OBJC_IMPLEMENTATIONS = YES;
				CLANG_WARN_DIRECT_OBJC_ISA_USAGE = YES_ERROR;
				CLANG_WARN_DOCUMENTATION_COMMENTS = YES;
				CLANG_WARN_EMPTY_BODY = YES;
				CLANG_WARN_ENUM_CONVERSION = YES;
				CLANG_WARN_INFINITE_RECURSION = YES;
				CLANG_WARN_INT_CONVERSION = YES;
				CLANG_WARN_NON_LITERAL_NULL_CONVERSION = YES;
				CLANG_WARN_OBJC_IMPLICIT_RETAIN_SELF = YES;
				CLANG_WARN_OBJC_LITERAL_CONVERSION = YES;
				CLANG_WARN_OBJC_ROOT_CLASS = YES_ERROR;
				CLANG_WARN_QUOTED_INCLUDE_IN_FRAMEWORK_HEADER = YES;
				CLANG_WARN_RANGE_LOOP_ANALYSIS = YES;
				CLANG_WARN_STRICT_PROTOTYPES = YES;
				CLANG_WARN_SUSPICIOUS_MOVE = YES;
				CLANG_WARN_UNGUARDED_AVAILABILITY = YES_AGGRESSIVE;
				CLANG_WARN_UNREACHABLE_CODE = YES;
				CLANG_WARN__DUPLICATE_METHOD_MATCH = YES;
				COPY_PHASE_STRIP = NO;
				DEBUG_INFORMATION_FORMAT = dwarf;
				DEVELOPMENT_TEAM = X99J4NTQF9;
				ENABLE_STRICT_OBJC_MSGSEND = YES;
				ENABLE_TESTABILITY = YES;
				ENABLE_USER_SCRIPT_SANDBOXING = YES;
				GCC_C_LANGUAGE_STANDARD = gnu17;
				GCC_DYNAMIC_NO_PIC = NO;
				GCC_NO_COMMON_BLOCKS = YES;
				GCC_OPTIMIZATION_LEVEL = 0;
				GCC_PREPROCESSOR_DEFINITIONS = (
					"DEBUG=1",
					"$(inherited)",
				);
				GCC_WARN_64_TO_32_BIT_CONVERSION = YES;
				GCC_WARN_ABOUT_RETURN_TYPE = YES_ERROR;
				GCC_WARN_UNDECLARED_SELECTOR = YES;
				GCC_WARN_UNINITIALIZED_AUTOS = YES_AGGRESSIVE;
				GCC_WARN_UNUSED_FUNCTION = YES;
				GCC_WARN_UNUSED_VARIABLE = YES;
				IPHONEOS_DEPLOYMENT_TARGET = 26.5;
				LOCALIZATION_PREFERS_STRING_CATALOGS = YES;
				MTL_ENABLE_DEBUG_INFO = INCLUDE_SOURCE;
				MTL_FAST_MATH = YES;
				ONLY_ACTIVE_ARCH = YES;
				SDKROOT = iphoneos;
				SWIFT_ACTIVE_COMPILATION_CONDITIONS = "DEBUG $(inherited)";
				SWIFT_OPTIMIZATION_LEVEL = "-Onone";
			};
			name = Debug;
		};
		28ED88C7301A8B89001DDC8A /* Release */ = {
			isa = XCBuildConfiguration;
			buildSettings = {
				ALWAYS_SEARCH_USER_PATHS = NO;
				ASSETCATALOG_COMPILER_GENERATE_SWIFT_ASSET_SYMBOL_EXTENSIONS = YES;
				CLANG_ANALYZER_NONNULL = YES;
				CLANG_ANALYZER_NUMBER_OBJECT_CONVERSION = YES_AGGRESSIVE;
				CLANG_CXX_LANGUAGE_STANDARD = "gnu++20";
				CLANG_ENABLE_MODULES = YES;
				CLANG_ENABLE_OBJC_ARC = YES;
				CLANG_ENABLE_OBJC_WEAK = YES;
				CLANG_WARN_BLOCK_CAPTURE_AUTORELEASING = YES;
				CLANG_WARN_BOOL_CONVERSION = YES;
				CLANG_WARN_COMMA = YES;
				CLANG_WARN_CONSTANT_CONVERSION = YES;
				CLANG_WARN_DEPRECATED_OBJC_IMPLEMENTATIONS = YES;
				CLANG_WARN_DIRECT_OBJC_ISA_USAGE = YES_ERROR;
				CLANG_WARN_DOCUMENTATION_COMMENTS = YES;
				CLANG_WARN_EMPTY_BODY = YES;
				CLANG_WARN_ENUM_CONVERSION = YES;
				CLANG_WARN_INFINITE_RECURSION = YES;
				CLANG_WARN_INT_CONVERSION = YES;
				CLANG_WARN_NON_LITERAL_NULL_CONVERSION = YES;
				CLANG_WARN_OBJC_IMPLICIT_RETAIN_SELF = YES;
				CLANG_WARN_OBJC_LITERAL_CONVERSION = YES;
				CLANG_WARN_OBJC_ROOT_CLASS = YES_ERROR;
				CLANG_WARN_QUOTED_INCLUDE_IN_FRAMEWORK_HEADER = YES;
				CLANG_WARN_RANGE_LOOP_ANALYSIS = YES;
				CLANG_WARN_STRICT_PROTOTYPES = YES;
				CLANG_WARN_SUSPICIOUS_MOVE = YES;
				CLANG_WARN_UNGUARDED_AVAILABILITY = YES_AGGRESSIVE;
				CLANG_WARN_UNREACHABLE_CODE = YES;
				CLANG_WARN__DUPLICATE_METHOD_MATCH = YES;
				COPY_PHASE_STRIP = NO;
				DEBUG_INFORMATION_FORMAT = "dwarf-with-dsym";
				DEVELOPMENT_TEAM = X99J4NTQF9;
				ENABLE_NS_ASSERTIONS = NO;
				ENABLE_STRICT_OBJC_MSGSEND = YES;
				ENABLE_USER_SCRIPT_SANDBOXING = YES;
				GCC_C_LANGUAGE_STANDARD = gnu17;
				GCC_NO_COMMON_BLOCKS = YES;
				GCC_WARN_64_TO_32_BIT_CONVERSION = YES;
				GCC_WARN_ABOUT_RETURN_TYPE = YES_ERROR;
				GCC_WARN_UNDECLARED_SELECTOR = YES;
				GCC_WARN_UNINITIALIZED_AUTOS = YES_AGGRESSIVE;
				GCC_WARN_UNUSED_FUNCTION = YES;
				GCC_WARN_UNUSED_VARIABLE = YES;
				IPHONEOS_DEPLOYMENT_TARGET = 26.5;
				LOCALIZATION_PREFERS_STRING_CATALOGS = YES;
				MTL_ENABLE_DEBUG_INFO = NO;
				MTL_FAST_MATH = YES;
				SDKROOT = iphoneos;
				SWIFT_COMPILATION_MODE = wholemodule;
				VALIDATE_PRODUCT = YES;
			};
			name = Release;
		};
		28ED88C9301A8B89001DDC8A /* Debug */ = {
			isa = XCBuildConfiguration;
			baseConfigurationReference = C0D3A11A7E1A4B0D9E5F0002 /* Shared.xcconfig */;
			buildSettings = {
				ASSETCATALOG_COMPILER_APPICON_NAME = AppIcon;
				ASSETCATALOG_COMPILER_GLOBAL_ACCENT_COLOR_NAME = AccentColor;
				CODE_SIGN_STYLE = Automatic;
				CURRENT_PROJECT_VERSION = 1;
				DEVELOPMENT_TEAM = X99J4NTQF9;
				ENABLE_PREVIEWS = YES;
				ENABLE_USER_SCRIPT_SANDBOXING = NO;
				GENERATE_INFOPLIST_FILE = NO;
				INFOPLIST_FILE = TVShowTracker/Config/Info.plist;
				INFOPLIST_KEY_UIApplicationSceneManifest_Generation = YES;
				INFOPLIST_KEY_UIApplicationSupportsIndirectInputEvents = YES;
				INFOPLIST_KEY_UILaunchScreen_Generation = YES;
				INFOPLIST_KEY_UISupportedInterfaceOrientations = UIInterfaceOrientationPortrait;
				LD_RUNPATH_SEARCH_PATHS = (
					"$(inherited)",
					"@executable_path/Frameworks",
				);
				MARKETING_VERSION = 1.0;
				PRODUCT_BUNDLE_IDENTIFIER = com.alanflament.TVShowTracker;
				PRODUCT_MODULE_NAME = TVShowTracker;
				PRODUCT_NAME = Showlogue;
				STRING_CATALOG_GENERATE_SYMBOLS = YES;
				SWIFT_APPROACHABLE_CONCURRENCY = YES;
				SWIFT_DEFAULT_ACTOR_ISOLATION = MainActor;
				SWIFT_EMIT_LOC_STRINGS = YES;
				SWIFT_UPCOMING_FEATURE_MEMBER_IMPORT_VISIBILITY = YES;
				SWIFT_VERSION = 5.0;
				TARGETED_DEVICE_FAMILY = "1,2";
			};
			name = Debug;
		};
		28ED88CA301A8B89001DDC8A /* Release */ = {
			isa = XCBuildConfiguration;
			baseConfigurationReference = C0D3A11A7E1A4B0D9E5F0002 /* Shared.xcconfig */;
			buildSettings = {
				ASSETCATALOG_COMPILER_APPICON_NAME = AppIcon;
				ASSETCATALOG_COMPILER_GLOBAL_ACCENT_COLOR_NAME = AccentColor;
				CODE_SIGN_STYLE = Automatic;
				CURRENT_PROJECT_VERSION = 1;
				DEVELOPMENT_TEAM = X99J4NTQF9;
				ENABLE_PREVIEWS = YES;
				ENABLE_USER_SCRIPT_SANDBOXING = NO;
				GENERATE_INFOPLIST_FILE = NO;
				INFOPLIST_FILE = TVShowTracker/Config/Info.plist;
				INFOPLIST_KEY_UIApplicationSceneManifest_Generation = YES;
				INFOPLIST_KEY_UIApplicationSupportsIndirectInputEvents = YES;
				INFOPLIST_KEY_UILaunchScreen_Generation = YES;
				INFOPLIST_KEY_UISupportedInterfaceOrientations = UIInterfaceOrientationPortrait;
				LD_RUNPATH_SEARCH_PATHS = (
					"$(inherited)",
					"@executable_path/Frameworks",
				);
				MARKETING_VERSION = 1.0;
				PRODUCT_BUNDLE_IDENTIFIER = com.alanflament.TVShowTracker;
				PRODUCT_MODULE_NAME = TVShowTracker;
				PRODUCT_NAME = Showlogue;
				STRING_CATALOG_GENERATE_SYMBOLS = YES;
				SWIFT_APPROACHABLE_CONCURRENCY = YES;
				SWIFT_DEFAULT_ACTOR_ISOLATION = MainActor;
				SWIFT_EMIT_LOC_STRINGS = YES;
				SWIFT_UPCOMING_FEATURE_MEMBER_IMPORT_VISIBILITY = YES;
				SWIFT_VERSION = 5.0;
				TARGETED_DEVICE_FAMILY = "1,2";
			};
			name = Release;
		};
		28ED88CC301A8B89001DDC8A /* Debug */ = {
			isa = XCBuildConfiguration;
			buildSettings = {
				BUNDLE_LOADER = "$(TEST_HOST)";
				CODE_SIGN_STYLE = Automatic;
				CURRENT_PROJECT_VERSION = 1;
				DEVELOPMENT_TEAM = X99J4NTQF9;
				GENERATE_INFOPLIST_FILE = YES;
				IPHONEOS_DEPLOYMENT_TARGET = 26.5;
				MARKETING_VERSION = 1.0;
				PRODUCT_BUNDLE_IDENTIFIER = com.alanflament.TVShowTrackerTests;
				PRODUCT_NAME = "$(TARGET_NAME)";
				STRING_CATALOG_GENERATE_SYMBOLS = NO;
				SWIFT_APPROACHABLE_CONCURRENCY = YES;
				SWIFT_EMIT_LOC_STRINGS = NO;
				SWIFT_UPCOMING_FEATURE_MEMBER_IMPORT_VISIBILITY = YES;
				SWIFT_VERSION = 5.0;
				TARGETED_DEVICE_FAMILY = "1,2";
				TEST_HOST = "$(BUILT_PRODUCTS_DIR)/Showlogue.app/$(BUNDLE_EXECUTABLE_FOLDER_PATH)/Showlogue";
			};
			name = Debug;
		};
		28ED88CD301A8B89001DDC8A /* Release */ = {
			isa = XCBuildConfiguration;
			buildSettings = {
				BUNDLE_LOADER = "$(TEST_HOST)";
				CODE_SIGN_STYLE = Automatic;
				CURRENT_PROJECT_VERSION = 1;
				DEVELOPMENT_TEAM = X99J4NTQF9;
				GENERATE_INFOPLIST_FILE = YES;
				IPHONEOS_DEPLOYMENT_TARGET = 26.5;
				MARKETING_VERSION = 1.0;
				PRODUCT_BUNDLE_IDENTIFIER = com.alanflament.TVShowTrackerTests;
				PRODUCT_NAME = "$(TARGET_NAME)";
				STRING_CATALOG_GENERATE_SYMBOLS = NO;
				SWIFT_APPROACHABLE_CONCURRENCY = YES;
				SWIFT_EMIT_LOC_STRINGS = NO;
				SWIFT_UPCOMING_FEATURE_MEMBER_IMPORT_VISIBILITY = YES;
				SWIFT_VERSION = 5.0;
				TARGETED_DEVICE_FAMILY = "1,2";
				TEST_HOST = "$(BUILT_PRODUCTS_DIR)/Showlogue.app/$(BUNDLE_EXECUTABLE_FOLDER_PATH)/Showlogue";
			};
			name = Release;
		};
		28ED88CF301A8B89001DDC8A /* Debug */ = {
			isa = XCBuildConfiguration;
			buildSettings = {
				CODE_SIGN_STYLE = Automatic;
				CURRENT_PROJECT_VERSION = 1;
				DEVELOPMENT_TEAM = X99J4NTQF9;
				GENERATE_INFOPLIST_FILE = YES;
				MARKETING_VERSION = 1.0;
				PRODUCT_BUNDLE_IDENTIFIER = com.alanflament.TVShowTrackerUITests;
				PRODUCT_NAME = "$(TARGET_NAME)";
				STRING_CATALOG_GENERATE_SYMBOLS = NO;
				SWIFT_APPROACHABLE_CONCURRENCY = YES;
				SWIFT_EMIT_LOC_STRINGS = NO;
				SWIFT_UPCOMING_FEATURE_MEMBER_IMPORT_VISIBILITY = YES;
				SWIFT_VERSION = 5.0;
				TARGETED_DEVICE_FAMILY = "1,2";
				TEST_TARGET_NAME = TVShowTracker;
			};
			name = Debug;
		};
		28ED88D0301A8B89001DDC8A /* Release */ = {
			isa = XCBuildConfiguration;
			buildSettings = {
				CODE_SIGN_STYLE = Automatic;
				CURRENT_PROJECT_VERSION = 1;
				DEVELOPMENT_TEAM = X99J4NTQF9;
				GENERATE_INFOPLIST_FILE = YES;
				MARKETING_VERSION = 1.0;
				PRODUCT_BUNDLE_IDENTIFIER = com.alanflament.TVShowTrackerUITests;
				PRODUCT_NAME = "$(TARGET_NAME)";
				STRING_CATALOG_GENERATE_SYMBOLS = NO;
				SWIFT_APPROACHABLE_CONCURRENCY = YES;
				SWIFT_EMIT_LOC_STRINGS = NO;
				SWIFT_UPCOMING_FEATURE_MEMBER_IMPORT_VISIBILITY = YES;
				SWIFT_VERSION = 5.0;
				TARGETED_DEVICE_FAMILY = "1,2";
				TEST_TARGET_NAME = TVShowTracker;
			};
			name = Release;
		};
/* End XCBuildConfiguration section */

/* Begin XCConfigurationList section */
		28ED88A0301A8B88001DDC8A /* Build configuration list for PBXProject "TVShowTracker" */ = {
			isa = XCConfigurationList;
			buildConfigurations = (
				28ED88C6301A8B89001DDC8A /* Debug */,
				28ED88C7301A8B89001DDC8A /* Release */,
			);
			defaultConfigurationIsVisible = 0;
			defaultConfigurationName = Release;
		};
		28ED88C8301A8B89001DDC8A /* Build configuration list for PBXNativeTarget "TVShowTracker" */ = {
			isa = XCConfigurationList;
			buildConfigurations = (
				28ED88C9301A8B89001DDC8A /* Debug */,
				28ED88CA301A8B89001DDC8A /* Release */,
			);
			defaultConfigurationIsVisible = 0;
			defaultConfigurationName = Release;
		};
		28ED88CB301A8B89001DDC8A /* Build configuration list for PBXNativeTarget "TVShowTrackerTests" */ = {
			isa = XCConfigurationList;
			buildConfigurations = (
				28ED88CC301A8B89001DDC8A /* Debug */,
				28ED88CD301A8B89001DDC8A /* Release */,
			);
			defaultConfigurationIsVisible = 0;
			defaultConfigurationName = Release;
		};
		28ED88CE301A8B89001DDC8A /* Build configuration list for PBXNativeTarget "TVShowTrackerUITests" */ = {
			isa = XCConfigurationList;
			buildConfigurations = (
				28ED88CF301A8B89001DDC8A /* Debug */,
				28ED88D0301A8B89001DDC8A /* Release */,
			);
			defaultConfigurationIsVisible = 0;
			defaultConfigurationName = Release;
		};
/* End XCConfigurationList section */
	};
	rootObject = 28ED889D301A8B88001DDC8A /* Project object */;
}
